<?xml version="1.0" encoding="utf-8"?>
<Project ToolsVersion="4.0" xmlns="http://schemas.microsoft.com/developer/msbuild/2003">
  <ItemGroup>
    <Filter Include="File di origine">
      <UniqueIdentifier>{4FC737F1-C7A5-4376-A066-2A32D752A2FF}</UniqueIdentifier>
      <Extensions>cpp;c;cc;cxx;c++;cppm;ixx;def;odl;idl;hpj;bat;asm;asmx</Extensions>
    </Filter>
    <Filter Include="File di intestazione">
      <UniqueIdentifier>{93995380-89BD-4b04-88EB-625FBE52EBFB}</UniqueIdentifier>
      <Extensions>h;hh;hpp;hxx;h++;hm;inl;inc;ipp;xsd</Extensions>
    </Filter>
    <Filter Include="File di risorse">
      <UniqueIdentifier>{67DA6AB6-F800-4c08-8B7A-83BB121AAD01}</UniqueIdentifier>
      <Extensions>rc;ico;cur;bmp;dlg;rc2;rct;bin;rgs;gif;jpg;jpeg;jpe;resx;tiff;tif;png;wav;mfcribbon-ms</Extensions>
    </Filter>
  </ItemGroup>
  <ItemGroup>
    <ClCompile Include="src\main.cpp">
      <Filter>File di origine</Filter>
    </ClCompile>
    <ClCompile Include="src\glad.c">
      <Filter>File di origine</Filter>
    </ClCompile>
    <ClCompile Include="lib\stb.cpp">
      <Filter>File di origine</Filter>
    </ClCompile>
    <ClCompile Include="src\io\Keyboard.cpp">
      <Filter>File di origine</Filter>
    </ClCompile>
    <ClCompile Include="src\io\Mouse.cpp">
      <Filter>File di origine</Filter>
    </ClCompile>
    <ClCompile Include="src\graphics\Shader.cpp">
      <Filter>File di origine</Filter>
    </ClCompile>
    <ClCompile Include="src\graphics\texture.cpp">
      <Filter>File di origine</Filter>
    </ClCompile>
    <ClCompile Include="src\graphics\mesh.cpp">
      <Filter>File di origine</Filter>
    </ClCompile>
    <ClCompile Include="src\graphics\model.cpp">
      <Filter>File di origine</Filter>
    </ClCompile>
    <ClCompile Include="src\graphics\material.cpp">
      <Filter>File di origine</Filter>
    </ClCompile>
    <ClCompile Include="src\graphics\light.cpp">
      <Filter>File di origine</Filter>
    </ClCompile>
    <ClCompile Include="src\algorithms\bounds.cpp">
      <Filter>File di origine</Filter>
    </ClCompile>
    <ClCompile Include="src\physics\environment.cpp">
      <Filter>File di origine</Filter>
    </ClCompile>
    <ClCompile Include="src\scenes\scene.cpp">
      <Filter>File di origine</Filter>
    </ClCompile>
    <ClCompile Include="src\graphics\text.cpp">
      <Filter>File di origine</Filter>
    </ClCompile>
    <ClCompile Include="src\imgui\imgui.cpp">
      <Filter>File di origine</Filter>
    </ClCompile>
    <ClCompile Include="src\imgui\imgui_demo.cpp">
      <Filter>File di origine</Filter>
    </ClCompile>
    <ClCompile Include="src\imgui\imgui_draw.cpp">
      <Filter>File di origine</Filter>
    </ClCompile>
    <ClCompile Include="src\imgui\imgui_impl_glfw.cpp">
      <Filter>File di origine</Filter>
    </ClCompile>
    <ClCompile Include="src\imgui\imgui_impl_opengl3.cpp">
      <Filter>File di origine</Filter>
    </ClCompile>
    <ClCompile Include="src\imgui\imgui_tables.cpp">
      <Filter>File di origine</Filter>
    </ClCompile>
    <ClCompile Include="src\imgui\imgui_widgets.cpp">
      <Filter>File di origine</Filter>
    </ClCompile>
    <ClCompile Include="src\scenes\menu.cpp">
      <Filter>File di origine</Filter>
    </ClCompile>
    <ClCompile Include="src\scenes\basescene.cpp">
      <Filter>File di origine</Filter>
    </ClCompile>
    <ClCompile Include="src\algorithms\durationlogger.cpp">
      <Filter>File di origine</Filter>
    </ClCompile>
    <ClCompile Include="src\entities\player.cpp">
      <Filter>File di origine</Filter>
    </ClCompile>
    <ClCompile Include="src\entities\entitybase.cpp">
      <Filter>File di origine</Filter>
    </ClCompile>
    <ClCompile Include="src\scenes\title.cpp">
      <Filter>File di origine</Filter>
    </ClCompile>
    <ClCompile Include="src\physics\rigidbody.cpp">
      <Filter>File di origine</Filter>
    </ClCompile>
    <ClCompile Include="..\..\ProgettoManuel\ProgettoInformaticaGrafica\src\io\camera.cpp">
      <Filter>File di origine</Filter>
    </ClCompile>
  </ItemGroup>
  <ItemGroup>
    <None Include="assets\shaders\core_vs.glsl" />
    <None Include="assets\shaders\core_fs.glsl" />
    <None Include="assets\shaders\lamp_fs.glsl" />
    <None Include="assets\shaders\box_vs.glsl" />
    <None Include="assets\shaders\box_fs.glsl" />
    <None Include="assets\shaders\instanced_vs.glsl" />
    <None Include="assets\shaders\glyph_vs.glsl" />
    <None Include="assets\shaders\glyph_fs.glsl" />
  </ItemGroup>
  <ItemGroup>
    <ClInclude Include="src\io\Mouse.h">
      <Filter>File di intestazione</Filter>
    </ClInclude>
    <ClInclude Include="src\io\Keyboard.h">
      <Filter>File di intestazione</Filter>
    </ClInclude>
    <ClInclude Include="src\graphics\Shader.h">
      <Filter>File di intestazione</Filter>
    </ClInclude>
    <ClInclude Include="src\graphics\texture.h">
      <Filter>File di intestazione</Filter>
    </ClInclude>
    <ClInclude Include="src\graphics\mesh.h">
      <Filter>File di intestazione</Filter>
    </ClInclude>
    <ClInclude Include="src\graphics\model.h">
      <Filter>File di intestazione</Filter>
    </ClInclude>
    <ClInclude Include="src\graphics\material.h">
      <Filter>File di intestazione</Filter>
    </ClInclude>
    <ClInclude Include="src\graphics\light.h">
      <Filter>File di intestazione</Filter>
    </ClInclude>
    <ClInclude Include="src\algorithms\bounds.h">
      <Filter>File di intestazione</Filter>
    </ClInclude>
    <ClInclude Include="src\physics\environment.h">
      <Filter>File di intestazione</Filter>
    </ClInclude>
    <ClInclude Include="src\graphics\glmemory.hpp">
      <Filter>File di intestazione</Filter>
    </ClInclude>
    <ClInclude Include="src\algorithms\states.hpp">
      <Filter>File di intestazione</Filter>
    </ClInclude>
    <ClInclude Include="src\scenes\scene.h">
      <Filter>File di intestazione</Filter>
    </ClInclude>
    <ClInclude Include="src\graphics\models\sphere.hpp">
      <Filter>File di intestazione</Filter>
    </ClInclude>
    <ClInclude Include="src\graphics\models\box.hpp">
      <Filter>File di intestazione</Filter>
    </ClInclude>
    <ClInclude Include="src\graphics\models\cube.hpp">
      <Filter>File di intestazione</Filter>
    </ClInclude>
    <ClInclude Include="src\graphics\models\lamp.hpp">
      <Filter>File di intestazione</Filter>
    </ClInclude>
    <ClInclude Include="src\graphics\text.h">
      <Filter>File di intestazione</Filter>
    </ClInclude>
    <ClInclude Include="src\imgui\imstb_truetype.h">
      <Filter>File di intestazione</Filter>
    </ClInclude>
    <ClInclude Include="src\imgui\imconfig.h">
      <Filter>File di intestazione</Filter>
    </ClInclude>
    <ClInclude Include="src\imgui\imgui.h">
      <Filter>File di intestazione</Filter>
    </ClInclude>
    <ClInclude Include="src\imgui\imgui_impl_glfw.h">
      <Filter>File di intestazione</Filter>
    </ClInclude>
    <ClInclude Include="src\imgui\imgui_impl_opengl3.h">
      <Filter>File di intestazione</Filter>
    </ClInclude>
    <ClInclude Include="src\imgui\imgui_internal.h">
      <Filter>File di intestazione</Filter>
    </ClInclude>
    <ClInclude Include="src\imgui\imstb_rectpack.h">
      <Filter>File di intestazione</Filter>
    </ClInclude>
    <ClInclude Include="src\imgui\imstb_textedit.h">
      <Filter>File di intestazione</Filter>
    </ClInclude>
    <ClInclude Include="src\scenes\menu.h">
      <Filter>File di intestazione</Filter>
    </ClInclude>
    <ClInclude Include="src\scenes\basescene.h">
      <Filter>File di intestazione</Filter>
    </ClInclude>
    <ClInclude Include="src\graphics\models\plane.hpp">
      <Filter>File di intestazione</Filter>
    </ClInclude>
    <ClInclude Include="src\algorithms\durationlogger.h">
      <Filter>File di intestazione</Filter>
    </ClInclude>
    <ClInclude Include="src\algorithms\list.hpp">
      <Filter>File di intestazione</Filter>
    </ClInclude>
    <ClInclude Include="src\algorithms\trie.hpp">
      <Filter>File di intestazione</Filter>
    </ClInclude>
    <ClInclude Include="src\entities\player.h">
      <Filter>File di intestazione</Filter>
    </ClInclude>
    <ClInclude Include="src\entities\entitybase.h">
      <Filter>File di intestazione</Filter>
    </ClInclude>
    <ClInclude Include="src\scenes\title.h">
      <Filter>File di intestazione</Filter>
    </ClInclude>
    <ClInclude Include="src\physics\rigidbody.h">
      <Filter>File di intestazione</Filter>
    </ClInclude>
    <ClInclude Include="..\..\ProgettoManuel\ProgettoInformaticaGrafica\src\io\camera.h">
      <Filter>File di intestazione</Filter>
    </ClInclude>
  </ItemGroup>
</Project>